
Microsoft Visual Studio Solution File, Format Version 12.00
# Visual Studio Version 17
VisualStudioVersion = 17.11.35017.193
MinimumVisualStudioVersion = 10.0.40219.1
Project("{FAE04EC0-301F-11D3-BF4B-00C04F79EFBC}") = "Quiz", "Quiz\Quiz.csproj", "{9899540A-9C03-4B17-A0DA-FA9855457FAC}"
EndProject
Global
	GlobalSection(SolutionConfigurationPlatforms) = preSolution
		Debug|Any CPU = Debug|Any CPU
		Release|Any CPU = Release|Any CPU
	EndGlobalSection
	GlobalSection(ProjectConfigurationPlatforms) = postSolution
		{9899540A-9C03-4B17-A0DA-FA9855457FAC}.Debug|Any CPU.ActiveCfg = Debug|Any CPU
		{9899540A-9C03-4B17-A0DA-FA9855457FAC}.Debug|Any CPU.Build.0 = Debug|Any CPU
		{9899540A-9C03-4B17-A0DA-FA9855457FAC}.Release|Any CPU.ActiveCfg = Release|Any CPU
		{9899540A-9C03-4B17-A0DA-FA9855457FAC}.Release|Any CPU.Build.0 = Release|Any CPU
	EndGlobalSection
	GlobalSection(SolutionProperties) = preSolution
		HideSolutionNode = FALSE
	EndGlobalSection
	GlobalSection(ExtensibilityGlobals) = postSolution
		SolutionGuid = {166D3587-4124-4CDA-AF55-4A3D7CEBBB96}
	EndGlobalSection
EndGlobal
